
Microsoft Visual Studio Solution File, Format Version 12.00
# Visual Studio 15
VisualStudioVersion = 15.0.28010.2046
MinimumVisualStudioVersion = 10.0.40219.1
Project("{FAE04EC0-301F-11D3-BF4B-00C04F79EFBC}") = "EzTriage", "EzTriage\EzTriage.csproj", "{F5CAAFCA-5A6B-4BDB-AB6C-D3097E8D4442}"
EndProject
Project("{FAE04EC0-301F-11D3-BF4B-00C04F79EFBC}") = "EzTriage.Tests", "EzTriage.Tests\EzTriage.Tests.csproj", "{A251E0B5-3DCD-4516-B156-343CBD2FEF9D}"
EndProject
Global
	GlobalSection(SolutionConfigurationPlatforms) = preSolution
		Debug|Any CPU = Debug|Any CPU
		Release|Any CPU = Release|Any CPU
	EndGlobalSection
	GlobalSection(ProjectConfigurationPlatforms) = postSolution
		{F5CAAFCA-5A6B-4BDB-AB6C-D3097E8D4442}.Debug|Any CPU.ActiveCfg = Debug|Any CPU
		{F5CAAFCA-5A6B-4BDB-AB6C-D3097E8D4442}.Debug|Any CPU.Build.0 = Debug|Any CPU
		{F5CAAFCA-5A6B-4BDB-AB6C-D3097E8D4442}.Release|Any CPU.ActiveCfg = Release|Any CPU
		{F5CAAFCA-5A6B-4BDB-AB6C-D3097E8D4442}.Release|Any CPU.Build.0 = Release|Any CPU
		{A251E0B5-3DCD-4516-B156-343CBD2FEF9D}.Debug|Any CPU.ActiveCfg = Debug|Any CPU
		{A251E0B5-3DCD-4516-B156-343CBD2FEF9D}.Debug|Any CPU.Build.0 = Debug|Any CPU
		{A251E0B5-3DCD-4516-B156-343CBD2FEF9D}.Release|Any CPU.ActiveCfg = Release|Any CPU
		{A251E0B5-3DCD-4516-B156-343CBD2FEF9D}.Release|Any CPU.Build.0 = Release|Any CPU
	EndGlobalSection
	GlobalSection(SolutionProperties) = preSolution
		HideSolutionNode = FALSE
	EndGlobalSection
	GlobalSection(ExtensibilityGlobals) = postSolution
		SolutionGuid = {ACDBE6BB-DA3F-49F9-9DB4-81821781DC73}
	EndGlobalSection
EndGlobal
